// !$*UTF8*$!
{
	archiveVersion = 1;
	classes = {
	};
	objectVersion = 55;
	objects = {

/* Begin PBXBuildFile section */
		961B86622916D1D80053C29C /* LoginScreen.swift in Sources */ = {isa = PBXBuildFile; fileRef = 961B86612916D1D80053C29C /* LoginScreen.swift */; };
		962ED723291A90D800A162F1 /* RegisterScreen.swift in Sources */ = {isa = PBXBuildFile; fileRef = 962ED722291A90D800A162F1 /* RegisterScreen.swift */; };
		96951E522948EB72003A5EF3 /* UserDetailView.swift in Sources */ = {isa = PBXBuildFile; fileRef = 96951E512948EB72003A5EF3 /* UserDetailView.swift */; };
		96951E562948F796003A5EF3 /* SportTableViewCell.swift in Sources */ = {isa = PBXBuildFile; fileRef = 96951E552948F796003A5EF3 /* SportTableViewCell.swift */; };
		96951E592948F88B003A5EF3 /* SportTableViewCellScreen.swift in Sources */ = {isa = PBXBuildFile; fileRef = 96951E582948F88B003A5EF3 /* SportTableViewCellScreen.swift */; };
		9696E0F6293E5B64000EE063 /* HomeViewController.swift in Sources */ = {isa = PBXBuildFile; fileRef = 9696E0F5293E5B64000EE063 /* HomeViewController.swift */; };
		9696E0F9293E61EC000EE063 /* UserDetailTableViewCell.swift in Sources */ = {isa = PBXBuildFile; fileRef = 9696E0F8293E61EC000EE063 /* UserDetailTableViewCell.swift */; };
		9696E0FC293E67DA000EE063 /* DataUser.swift in Sources */ = {isa = PBXBuildFile; fileRef = 9696E0FB293E67DA000EE063 /* DataUser.swift */; };
		969722DA292800EF0089B039 /* Alert.swift in Sources */ = {isa = PBXBuildFile; fileRef = 969722D9292800EF0089B039 /* Alert.swift */; };
		96973E6F291590E800BB5AB3 /* AppDelegate.swift in Sources */ = {isa = PBXBuildFile; fileRef = 96973E6E291590E800BB5AB3 /* AppDelegate.swift */; };
		96973E71291590E800BB5AB3 /* SceneDelegate.swift in Sources */ = {isa = PBXBuildFile; fileRef = 96973E70291590E800BB5AB3 /* SceneDelegate.swift */; };
		96973E73291590E800BB5AB3 /* LoginViewController.swift in Sources */ = {isa = PBXBuildFile; fileRef = 96973E72291590E800BB5AB3 /* LoginViewController.swift */; };
		96973E78291590E900BB5AB3 /* Assets.xcassets in Resources */ = {isa = PBXBuildFile; fileRef = 96973E77291590E900BB5AB3 /* Assets.xcassets */; };
		96973E7B291590E900BB5AB3 /* LaunchScreen.storyboard in Resources */ = {isa = PBXBuildFile; fileRef = 96973E79291590E900BB5AB3 /* LaunchScreen.storyboard */; };
		9699109D2922BF470096AB12 /* GoogleService-Info.plist in Resources */ = {isa = PBXBuildFile; fileRef = 9699109C2922BF470096AB12 /* GoogleService-Info.plist */; };
		96ACF1FC29197A5900394AA5 /* RegisterViewController.swift in Sources */ = {isa = PBXBuildFile; fileRef = 96ACF1FB29197A5900394AA5 /* RegisterViewController.swift */; };
		96EDF68129296E0700449366 /* HomeScreen.swift in Sources */ = {isa = PBXBuildFile; fileRef = 96EDF68029296E0700449366 /* HomeScreen.swift */; };
		ADBE573AB4F9CE09E6E191E6 /* Pods_MessageApp.framework in Frameworks */ = {isa = PBXBuildFile; fileRef = 063E9CD18FD92769A52BC1D7 /* Pods_MessageApp.framework */; };
/* End PBXBuildFile section */

/* Begin PBXFileReference section */
		063E9CD18FD92769A52BC1D7 /* Pods_MessageApp.framework */ = {isa = PBXFileReference; explicitFileType = wrapper.framework; includeInIndex = 0; path = Pods_MessageApp.framework; sourceTree = BUILT_PRODUCTS_DIR; };
		6F740194A99EE9CCE740A979 /* Pods-MessageApp.debug.xcconfig */ = {isa = PBXFileReference; includeInIndex = 1; lastKnownFileType = text.xcconfig; name = "Pods-MessageApp.debug.xcconfig"; path = "Target Support Files/Pods-MessageApp/Pods-MessageApp.debug.xcconfig"; sourceTree = "<group>"; };
		961B86612916D1D80053C29C /* LoginScreen.swift */ = {isa = PBXFileReference; lastKnownFileType = sourcecode.swift; path = LoginScreen.swift; sourceTree = "<group>"; };
		962ED722291A90D800A162F1 /* RegisterScreen.swift */ = {isa = PBXFileReference; lastKnownFileType = sourcecode.swift; path = RegisterScreen.swift; sourceTree = "<group>"; };
		96951E512948EB72003A5EF3 /* UserDetailView.swift */ = {isa = PBXFileReference; lastKnownFileType = sourcecode.swift; path = UserDetailView.swift; sourceTree = "<group>"; };
		96951E552948F796003A5EF3 /* SportTableViewCell.swift */ = {isa = PBXFileReference; lastKnownFileType = sourcecode.swift; path = SportTableViewCell.swift; sourceTree = "<group>"; };
		96951E582948F88B003A5EF3 /* SportTableViewCellScreen.swift */ = {isa = PBXFileReference; lastKnownFileType = sourcecode.swift; path = SportTableViewCellScreen.swift; sourceTree = "<group>"; };
		9696E0F5293E5B64000EE063 /* HomeViewController.swift */ = {isa = PBXFileReference; lastKnownFileType = sourcecode.swift; path = HomeViewController.swift; sourceTree = "<group>"; };
		9696E0F8293E61EC000EE063 /* UserDetailTableViewCell.swift */ = {isa = PBXFileReference; lastKnownFileType = sourcecode.swift; path = UserDetailTableViewCell.swift; sourceTree = "<group>"; };
		9696E0FB293E67DA000EE063 /* DataUser.swift */ = {isa = PBXFileReference; lastKnownFileType = sourcecode.swift; path = DataUser.swift; sourceTree = "<group>"; };
		969722D9292800EF0089B039 /* Alert.swift */ = {isa = PBXFileReference; lastKnownFileType = sourcecode.swift; path = Alert.swift; sourceTree = "<group>"; };
		96973E6B291590E800BB5AB3 /* MessageApp.app */ = {isa = PBXFileReference; explicitFileType = wrapper.application; includeInIndex = 0; path = MessageApp.app; sourceTree = BUILT_PRODUCTS_DIR; };
		96973E6E291590E800BB5AB3 /* AppDelegate.swift */ = {isa = PBXFileReference; lastKnownFileType = sourcecode.swift; path = AppDelegate.swift; sourceTree = "<group>"; };
		96973E70291590E800BB5AB3 /* SceneDelegate.swift */ = {isa = PBXFileReference; lastKnownFileType = sourcecode.swift; path = SceneDelegate.swift; sourceTree = "<group>"; };
		96973E72291590E800BB5AB3 /* LoginViewController.swift */ = {isa = PBXFileReference; lastKnownFileType = sourcecode.swift; path = LoginViewController.swift; sourceTree = "<group>"; };
		96973E77291590E900BB5AB3 /* Assets.xcassets */ = {isa = PBXFileReference; lastKnownFileType = folder.assetcatalog; path = Assets.xcassets; sourceTree = "<group>"; };
		96973E7A291590E900BB5AB3 /* Base */ = {isa = PBXFileReference; lastKnownFileType = file.storyboard; name = Base; path = Base.lproj/LaunchScreen.storyboard; sourceTree = "<group>"; };
		96973E7C291590E900BB5AB3 /* Info.plist */ = {isa = PBXFileReference; lastKnownFileType = text.plist.xml; path = Info.plist; sourceTree = "<group>"; };
		9699109C2922BF470096AB12 /* GoogleService-Info.plist */ = {isa = PBXFileReference; fileEncoding = 4; lastKnownFileType = text.plist.xml; path = "GoogleService-Info.plist"; sourceTree = "<group>"; };
		96ACF1FB29197A5900394AA5 /* RegisterViewController.swift */ = {isa = PBXFileReference; lastKnownFileType = sourcecode.swift; path = RegisterViewController.swift; sourceTree = "<group>"; };
		96EDF68029296E0700449366 /* HomeScreen.swift */ = {isa = PBXFileReference; lastKnownFileType = sourcecode.swift; path = HomeScreen.swift; sourceTree = "<group>"; };
		DAA7F6CC636ED9AF62D3D559 /* Pods-MessageApp.release.xcconfig */ = {isa = PBXFileReference; includeInIndex = 1; lastKnownFileType = text.xcconfig; name = "Pods-MessageApp.release.xcconfig"; path = "Target Support Files/Pods-MessageApp/Pods-MessageApp.release.xcconfig"; sourceTree = "<group>"; };
/* End PBXFileReference section */

/* Begin PBXFrameworksBuildPhase section */
		96973E68291590E800BB5AB3 /* Frameworks */ = {
			isa = PBXFrameworksBuildPhase;
			buildActionMask = 2147483647;
			files = (
				ADBE573AB4F9CE09E6E191E6 /* Pods_MessageApp.framework in Frameworks */,
			);
			runOnlyForDeploymentPostprocessing = 0;
		};
/* End PBXFrameworksBuildPhase section */

/* Begin PBXGroup section */
		1CD8C32CB14C7FD6130AC49A /* Frameworks */ = {
			isa = PBXGroup;
			children = (
				063E9CD18FD92769A52BC1D7 /* Pods_MessageApp.framework */,
			);
			name = Frameworks;
			sourceTree = "<group>";
		};
		961B865E2916D19F0053C29C /* Login */ = {
			isa = PBXGroup;
			children = (
				961B86602916D1B80053C29C /* Screen */,
				961B865F2916D1AE0053C29C /* VC */,
			);
			path = Login;
			sourceTree = "<group>";
		};
		961B865F2916D1AE0053C29C /* VC */ = {
			isa = PBXGroup;
			children = (
				96973E72291590E800BB5AB3 /* LoginViewController.swift */,
			);
			path = VC;
			sourceTree = "<group>";
		};
		961B86602916D1B80053C29C /* Screen */ = {
			isa = PBXGroup;
			children = (
				961B86612916D1D80053C29C /* LoginScreen.swift */,
			);
			path = Screen;
			sourceTree = "<group>";
		};
		96951E502948EB27003A5EF3 /* CustomView */ = {
			isa = PBXGroup;
			children = (
				96951E512948EB72003A5EF3 /* UserDetailView.swift */,
			);
			path = CustomView;
			sourceTree = "<group>";
		};
		96951E532948F722003A5EF3 /* UserDetailTableViewCell */ = {
			isa = PBXGroup;
			children = (
				96951E502948EB27003A5EF3 /* CustomView */,
				9696E0F8293E61EC000EE063 /* UserDetailTableViewCell.swift */,
			);
			path = UserDetailTableViewCell;
			sourceTree = "<group>";
		};
		96951E542948F771003A5EF3 /* SportTableViewCell */ = {
			isa = PBXGroup;
			children = (
				96951E572948F852003A5EF3 /* CustomView */,
				96951E552948F796003A5EF3 /* SportTableViewCell.swift */,
			);
			path = SportTableViewCell;
			sourceTree = "<group>";
		};
		96951E572948F852003A5EF3 /* CustomView */ = {
			isa = PBXGroup;
			children = (
				96951E582948F88B003A5EF3 /* SportTableViewCellScreen.swift */,
			);
			path = CustomView;
			sourceTree = "<group>";
		};
		9696E0F7293E60A3000EE063 /* Cell */ = {
			isa = PBXGroup;
			children = (
				96951E542948F771003A5EF3 /* SportTableViewCell */,
				96951E532948F722003A5EF3 /* UserDetailTableViewCell */,
			);
			path = Cell;
			sourceTree = "<group>";
		};
		9696E0FA293E67CA000EE063 /* Model */ = {
			isa = PBXGroup;
			children = (
				9696E0FB293E67DA000EE063 /* DataUser.swift */,
			);
			path = Model;
			sourceTree = "<group>";
		};
		9696E0FD293E6C99000EE063 /* Delegate */ = {
			isa = PBXGroup;
			children = (
				96973E6E291590E800BB5AB3 /* AppDelegate.swift */,
				96973E70291590E800BB5AB3 /* SceneDelegate.swift */,
			);
			path = Delegate;
			sourceTree = "<group>";
		};
		969722D8292800D40089B039 /* Alert */ = {
			isa = PBXGroup;
			children = (
				969722D9292800EF0089B039 /* Alert.swift */,
			);
			path = Alert;
			sourceTree = "<group>";
		};
		96973E62291590E800BB5AB3 = {
			isa = PBXGroup;
			children = (
				96973E6D291590E800BB5AB3 /* MessageApp */,
				96973E6C291590E800BB5AB3 /* Products */,
				E34ECB8785A4FE0708C94DDF /* Pods */,
				1CD8C32CB14C7FD6130AC49A /* Frameworks */,
			);
			sourceTree = "<group>";
		};
		96973E6C291590E800BB5AB3 /* Products */ = {
			isa = PBXGroup;
			children = (
				96973E6B291590E800BB5AB3 /* MessageApp.app */,
			);
			name = Products;
			sourceTree = "<group>";
		};
		96973E6D291590E800BB5AB3 /* MessageApp */ = {
			isa = PBXGroup;
			children = (
				96EDF67D29296DDA00449366 /* Home */,
				969722D8292800D40089B039 /* Alert */,
				96ACF1F8291979E500394AA5 /* Register */,
				961B865E2916D19F0053C29C /* Login */,
				9696E0FD293E6C99000EE063 /* Delegate */,
				96973E77291590E900BB5AB3 /* Assets.xcassets */,
				96973E79291590E900BB5AB3 /* LaunchScreen.storyboard */,
				96973E7C291590E900BB5AB3 /* Info.plist */,
				9699109C2922BF470096AB12 /* GoogleService-Info.plist */,
			);
			path = MessageApp;
			sourceTree = "<group>";
		};
		96ACF1F8291979E500394AA5 /* Register */ = {
			isa = PBXGroup;
			children = (
				96ACF1FA29197A0000394AA5 /* VC */,
				96ACF1F9291979F800394AA5 /* Screen */,
			);
			path = Register;
			sourceTree = "<group>";
		};
		96ACF1F9291979F800394AA5 /* Screen */ = {
			isa = PBXGroup;
			children = (
				962ED722291A90D800A162F1 /* RegisterScreen.swift */,
			);
			path = Screen;
			sourceTree = "<group>";
		};
		96ACF1FA29197A0000394AA5 /* VC */ = {
			isa = PBXGroup;
			children = (
				96ACF1FB29197A5900394AA5 /* RegisterViewController.swift */,
			);
			path = VC;
			sourceTree = "<group>";
		};
		96EDF67D29296DDA00449366 /* Home */ = {
			isa = PBXGroup;
			children = (
				9696E0FA293E67CA000EE063 /* Model */,
				9696E0F7293E60A3000EE063 /* Cell */,
				96EDF67E29296DE800449366 /* Screen */,
				96EDF67F29296DF000449366 /* VC */,
			);
			path = Home;
			sourceTree = "<group>";
		};
		96EDF67E29296DE800449366 /* Screen */ = {
			isa = PBXGroup;
			children = (
				96EDF68029296E0700449366 /* HomeScreen.swift */,
			);
			path = Screen;
			sourceTree = "<group>";
		};
		96EDF67F29296DF000449366 /* VC */ = {
			isa = PBXGroup;
			children = (
				9696E0F5293E5B64000EE063 /* HomeViewController.swift */,
			);
			path = VC;
			sourceTree = "<group>";
		};
		E34ECB8785A4FE0708C94DDF /* Pods */ = {
			isa = PBXGroup;
			children = (
				6F740194A99EE9CCE740A979 /* Pods-MessageApp.debug.xcconfig */,
				DAA7F6CC636ED9AF62D3D559 /* Pods-MessageApp.release.xcconfig */,
			);
			path = Pods;
			sourceTree = "<group>";
		};
/* End PBXGroup section */

/* Begin PBXNativeTarget section */
		96973E6A291590E800BB5AB3 /* MessageApp */ = {
			isa = PBXNativeTarget;
			buildConfigurationList = 96973E7F291590E900BB5AB3 /* Build configuration list for PBXNativeTarget "MessageApp" */;
			buildPhases = (
				AA2AED7C605E1068B9779387 /* [CP] Check Pods Manifest.lock */,
				96973E67291590E800BB5AB3 /* Sources */,
				96973E68291590E800BB5AB3 /* Frameworks */,
				96973E69291590E800BB5AB3 /* Resources */,
				93163173F7739F2A78AD3BBF /* [CP] Embed Pods Frameworks */,
			);
			buildRules = (
			);
			dependencies = (
			);
			name = MessageApp;
			productName = MessageApp;
			productReference = 96973E6B291590E800BB5AB3 /* MessageApp.app */;
			productType = "com.apple.product-type.application";
		};
/* End PBXNativeTarget section */

/* Begin PBXProject section */
		96973E63291590E800BB5AB3 /* Project object */ = {
			isa = PBXProject;
			attributes = {
				BuildIndependentTargetsInParallel = 1;
				LastSwiftUpdateCheck = 1340;
				LastUpgradeCheck = 1340;
				TargetAttributes = {
					96973E6A291590E800BB5AB3 = {
						CreatedOnToolsVersion = 13.4.1;
					};
				};
			};
			buildConfigurationList = 96973E66291590E800BB5AB3 /* Build configuration list for PBXProject "MessageApp" */;
			compatibilityVersion = "Xcode 13.0";
			developmentRegion = en;
			hasScannedForEncodings = 0;
			knownRegions = (
				en,
				Base,
			);
			mainGroup = 96973E62291590E800BB5AB3;
			productRefGroup = 96973E6C291590E800BB5AB3 /* Products */;
			projectDirPath = "";
			projectRoot = "";
			targets = (
				96973E6A291590E800BB5AB3 /* MessageApp */,
			);
		};
/* End PBXProject section */

/* Begin PBXResourcesBuildPhase section */
		96973E69291590E800BB5AB3 /* Resources */ = {
			isa = PBXResourcesBuildPhase;
			buildActionMask = 2147483647;
			files = (
				96973E7B291590E900BB5AB3 /* LaunchScreen.storyboard in Resources */,
				96973E78291590E900BB5AB3 /* Assets.xcassets in Resources */,
				9699109D2922BF470096AB12 /* GoogleService-Info.plist in Resources */,
			);
			runOnlyForDeploymentPostprocessing = 0;
		};
/* End PBXResourcesBuildPhase section */

/* Begin PBXShellScriptBuildPhase section */
		93163173F7739F2A78AD3BBF /* [CP] Embed Pods Frameworks */ = {
			isa = PBXShellScriptBuildPhase;
			buildActionMask = 2147483647;
			files = (
			);
			inputFileListPaths = (
				"${PODS_ROOT}/Target Support Files/Pods-MessageApp/Pods-MessageApp-frameworks-${CONFIGURATION}-input-files.xcfilelist",
			);
			name = "[CP] Embed Pods Frameworks";
			outputFileListPaths = (
				"${PODS_ROOT}/Target Support Files/Pods-MessageApp/Pods-MessageApp-frameworks-${CONFIGURATION}-output-files.xcfilelist",
			);
			runOnlyForDeploymentPostprocessing = 0;
			shellPath = /bin/sh;
			shellScript = "\"${PODS_ROOT}/Target Support Files/Pods-MessageApp/Pods-MessageApp-frameworks.sh\"\n";
			showEnvVarsInLog = 0;
		};
		AA2AED7C605E1068B9779387 /* [CP] Check Pods Manifest.lock */ = {
			isa = PBXShellScriptBuildPhase;
			buildActionMask = 2147483647;
			files = (
			);
			inputFileListPaths = (
			);
			inputPaths = (
				"${PODS_PODFILE_DIR_PATH}/Podfile.lock",
				"${PODS_ROOT}/Manifest.lock",
			);
			name = "[CP] Check Pods Manifest.lock";
			outputFileListPaths = (
			);
			outputPaths = (
				"$(DERIVED_FILE_DIR)/Pods-MessageApp-checkManifestLockResult.txt",
			);
			runOnlyForDeploymentPostprocessing = 0;
			shellPath = /bin/sh;
			shellScript = "diff \"${PODS_PODFILE_DIR_PATH}/Podfile.lock\" \"${PODS_ROOT}/Manifest.lock\" > /dev/null\nif [ $? != 0 ] ; then\n    # print error to STDERR\n    echo \"error: The sandbox is not in sync with the Podfile.lock. Run 'pod install' or update your CocoaPods installation.\" >&2\n    exit 1\nfi\n# This output is used by Xcode 'outputs' to avoid re-running this script phase.\necho \"SUCCESS\" > \"${SCRIPT_OUTPUT_FILE_0}\"\n";
			showEnvVarsInLog = 0;
		};
/* End PBXShellScriptBuildPhase section */

/* Begin PBXSourcesBuildPhase section */
		96973E67291590E800BB5AB3 /* Sources */ = {
			isa = PBXSourcesBuildPhase;
			buildActionMask = 2147483647;
			files = (
				962ED723291A90D800A162F1 /* RegisterScreen.swift in Sources */,
				96973E73291590E800BB5AB3 /* LoginViewController.swift in Sources */,
				96ACF1FC29197A5900394AA5 /* RegisterViewController.swift in Sources */,
				961B86622916D1D80053C29C /* LoginScreen.swift in Sources */,
				96951E522948EB72003A5EF3 /* UserDetailView.swift in Sources */,
				9696E0FC293E67DA000EE063 /* DataUser.swift in Sources */,
				96951E592948F88B003A5EF3 /* SportTableViewCellScreen.swift in Sources */,
				96951E562948F796003A5EF3 /* SportTableViewCell.swift in Sources */,
				96EDF68129296E0700449366 /* HomeScreen.swift in Sources */,
				9696E0F9293E61EC000EE063 /* UserDetailTableViewCell.swift in Sources */,
				9696E0F6293E5B64000EE063 /* HomeViewController.swift in Sources */,
				96973E6F291590E800BB5AB3 /* AppDelegate.swift in Sources */,
				96973E71291590E800BB5AB3 /* SceneDelegate.swift in Sources */,
				969722DA292800EF0089B039 /* Alert.swift in Sources */,
			);
			runOnlyForDeploymentPostprocessing = 0;
		};
/* End PBXSourcesBuildPhase section */

/* Begin PBXVariantGroup section */
		96973E79291590E900BB5AB3 /* LaunchScreen.storyboard */ = {
			isa = PBXVariantGroup;
			children = (
				96973E7A291590E900BB5AB3 /* Base */,
			);
			name = LaunchScreen.storyboard;
			sourceTree = "<group>";
		};
/* End PBXVariantGroup section */

/* Begin XCBuildConfiguration section */
		96973E7D291590E900BB5AB3 /* Debug */ = {
			isa = XCBuildConfiguration;
			buildSettings = {
				ALWAYS_SEARCH_USER_PATHS = NO;
				CLANG_ANALYZER_NONNULL = YES;
				CLANG_ANALYZER_NUMBER_OBJECT_CONVERSION = YES_AGGRESSIVE;
				CLANG_CXX_LANGUAGE_STANDARD = "gnu++17";
				CLANG_ENABLE_MODULES = YES;
				CLANG_ENABLE_OBJC_ARC = YES;
				CLANG_ENABLE_OBJC_WEAK = YES;
				CLANG_WARN_BLOCK_CAPTURE_AUTORELEASING = YES;
				CLANG_WARN_BOOL_CONVERSION = YES;
				CLANG_WARN_COMMA = YES;
				CLANG_WARN_CONSTANT_CONVERSION = YES;
				CLANG_WARN_DEPRECATED_OBJC_IMPLEMENTATIONS = YES;
				CLANG_WARN_DIRECT_OBJC_ISA_USAGE = YES_ERROR;
				CLANG_WARN_DOCUMENTATION_COMMENTS = YES;
				CLANG_WARN_EMPTY_BODY = YES;
				CLANG_WARN_ENUM_CONVERSION = YES;
				CLANG_WARN_INFINITE_RECURSION = YES;
				CLANG_WARN_INT_CONVERSION = YES;
				CLANG_WARN_NON_LITERAL_NULL_CONVERSION = YES;
				CLANG_WARN_OBJC_IMPLICIT_RETAIN_SELF = YES;
				CLANG_WARN_OBJC_LITERAL_CONVERSION = YES;
				CLANG_WARN_OBJC_ROOT_CLASS = YES_ERROR;
				CLANG_WARN_QUOTED_INCLUDE_IN_FRAMEWORK_HEADER = YES;
				CLANG_WARN_RANGE_LOOP_ANALYSIS = YES;
				CLANG_WARN_STRICT_PROTOTYPES = YES;
				CLANG_WARN_SUSPICIOUS_MOVE = YES;
				CLANG_WARN_UNGUARDED_AVAILABILITY = YES_AGGRESSIVE;
				CLANG_WARN_UNREACHABLE_CODE = YES;
				CLANG_WARN__DUPLICATE_METHOD_MATCH = YES;
				COPY_PHASE_STRIP = NO;
				DEBUG_INFORMATION_FORMAT = dwarf;
				ENABLE_STRICT_OBJC_MSGSEND = YES;
				ENABLE_TESTABILITY = YES;
				GCC_C_LANGUAGE_STANDARD = gnu11;
				GCC_DYNAMIC_NO_PIC = NO;
				GCC_NO_COMMON_BLOCKS = YES;
				GCC_OPTIMIZATION_LEVEL = 0;
				GCC_PREPROCESSOR_DEFINITIONS = (
					"DEBUG=1",
					"$(inherited)",
				);
				GCC_WARN_64_TO_32_BIT_CONVERSION = YES;
				GCC_WARN_ABOUT_RETURN_TYPE = YES_ERROR;
				GCC_WARN_UNDECLARED_SELECTOR = YES;
				GCC_WARN_UNINITIALIZED_AUTOS = YES_AGGRESSIVE;
				GCC_WARN_UNUSED_FUNCTION = YES;
				GCC_WARN_UNUSED_VARIABLE = YES;
				IPHONEOS_DEPLOYMENT_TARGET = 15.5;
				MTL_ENABLE_DEBUG_INFO = INCLUDE_SOURCE;
				MTL_FAST_MATH = YES;
				ONLY_ACTIVE_ARCH = YES;
				SDKROOT = iphoneos;
				SWIFT_ACTIVE_COMPILATION_CONDITIONS = DEBUG;
				SWIFT_OPTIMIZATION_LEVEL = "-Onone";
			};
			name = Debug;
		};
		96973E7E291590E900BB5AB3 /* Release */ = {
			isa = XCBuildConfiguration;
			buildSettings = {
				ALWAYS_SEARCH_USER_PATHS = NO;
				CLANG_ANALYZER_NONNULL = YES;
				CLANG_ANALYZER_NUMBER_OBJECT_CONVERSION = YES_AGGRESSIVE;
				CLANG_CXX_LANGUAGE_STANDARD = "gnu++17";
				CLANG_ENABLE_MODULES = YES;
				CLANG_ENABLE_OBJC_ARC = YES;
				CLANG_ENABLE_OBJC_WEAK = YES;
				CLANG_WARN_BLOCK_CAPTURE_AUTORELEASING = YES;
				CLANG_WARN_BOOL_CONVERSION = YES;
				CLANG_WARN_COMMA = YES;
				CLANG_WARN_CONSTANT_CONVERSION = YES;
				CLANG_WARN_DEPRECATED_OBJC_IMPLEMENTATIONS = YES;
				CLANG_WARN_DIRECT_OBJC_ISA_USAGE = YES_ERROR;
				CLANG_WARN_DOCUMENTATION_COMMENTS = YES;
				CLANG_WARN_EMPTY_BODY = YES;
				CLANG_WARN_ENUM_CONVERSION = YES;
				CLANG_WARN_INFINITE_RECURSION = YES;
				CLANG_WARN_INT_CONVERSION = YES;
				CLANG_WARN_NON_LITERAL_NULL_CONVERSION = YES;
				CLANG_WARN_OBJC_IMPLICIT_RETAIN_SELF = YES;
				CLANG_WARN_OBJC_LITERAL_CONVERSION = YES;
				CLANG_WARN_OBJC_ROOT_CLASS = YES_ERROR;
				CLANG_WARN_QUOTED_INCLUDE_IN_FRAMEWORK_HEADER = YES;
				CLANG_WARN_RANGE_LOOP_ANALYSIS = YES;
				CLANG_WARN_STRICT_PROTOTYPES = YES;
				CLANG_WARN_SUSPICIOUS_MOVE = YES;
				CLANG_WARN_UNGUARDED_AVAILABILITY = YES_AGGRESSIVE;
				CLANG_WARN_UNREACHABLE_CODE = YES;
				CLANG_WARN__DUPLICATE_METHOD_MATCH = YES;
				COPY_PHASE_STRIP = NO;
				DEBUG_INFORMATION_FORMAT = "dwarf-with-dsym";
				ENABLE_NS_ASSERTIONS = NO;
				ENABLE_STRICT_OBJC_MSGSEND = YES;
				GCC_C_LANGUAGE_STANDARD = gnu11;
				GCC_NO_COMMON_BLOCKS = YES;
				GCC_WARN_64_TO_32_BIT_CONVERSION = YES;
				GCC_WARN_ABOUT_RETURN_TYPE = YES_ERROR;
				GCC_WARN_UNDECLARED_SELECTOR = YES;
				GCC_WARN_UNINITIALIZED_AUTOS = YES_AGGRESSIVE;
				GCC_WARN_UNUSED_FUNCTION = YES;
				GCC_WARN_UNUSED_VARIABLE = YES;
				IPHONEOS_DEPLOYMENT_TARGET = 15.5;
				MTL_ENABLE_DEBUG_INFO = NO;
				MTL_FAST_MATH = YES;
				SDKROOT = iphoneos;
				SWIFT_COMPILATION_MODE = wholemodule;
				SWIFT_OPTIMIZATION_LEVEL = "-O";
				VALIDATE_PRODUCT = YES;
			};
			name = Release;
		};
		96973E80291590E900BB5AB3 /* Debug */ = {
			isa = XCBuildConfiguration;
			baseConfigurationReference = 6F740194A99EE9CCE740A979 /* Pods-MessageApp.debug.xcconfig */;
			buildSettings = {
				ASSETCATALOG_COMPILER_APPICON_NAME = AppIcon;
				ASSETCATALOG_COMPILER_GLOBAL_ACCENT_COLOR_NAME = AccentColor;
				CODE_SIGN_STYLE = Automatic;
				CURRENT_PROJECT_VERSION = 1;
				DEVELOPMENT_TEAM = N7W6HJZX49;
				GENERATE_INFOPLIST_FILE = YES;
				INFOPLIST_FILE = MessageApp/Info.plist;
				INFOPLIST_KEY_UIApplicationSupportsIndirectInputEvents = YES;
				INFOPLIST_KEY_UILaunchStoryboardName = LaunchScreen;
				INFOPLIST_KEY_UISupportedInterfaceOrientations_iPad = "UIInterfaceOrientationPortrait UIInterfaceOrientationPortraitUpsideDown UIInterfaceOrientationLandscapeLeft UIInterfaceOrientationLandscapeRight";
				INFOPLIST_KEY_UISupportedInterfaceOrientations_iPhone = "UIInterfaceOrientationPortrait UIInterfaceOrientationLandscapeLeft UIInterfaceOrientationLandscapeRight";
				LD_RUNPATH_SEARCH_PATHS = (
					"$(inherited)",
					"@executable_path/Frameworks",
				);
				MARKETING_VERSION = 1.0;
				PRODUCT_BUNDLE_IDENTIFIER = kauekaj.MessageApp;
				PRODUCT_NAME = "$(TARGET_NAME)";
				SWIFT_EMIT_LOC_STRINGS = YES;
				SWIFT_VERSION = 5.0;
				TARGETED_DEVICE_FAMILY = "1,2";
			};
			name = Debug;
		};
		96973E81291590E900BB5AB3 /* Release */ = {
			isa = XCBuildConfiguration;
			baseConfigurationReference = DAA7F6CC636ED9AF62D3D559 /* Pods-MessageApp.release.xcconfig */;
			buildSettings = {
				ASSETCATALOG_COMPILER_APPICON_NAME = AppIcon;
				ASSETCATALOG_COMPILER_GLOBAL_ACCENT_COLOR_NAME = AccentColor;
				CODE_SIGN_STYLE = Automatic;
				CURRENT_PROJECT_VERSION = 1;
				DEVELOPMENT_TEAM = N7W6HJZX49;
				GENERATE_INFOPLIST_FILE = YES;
				INFOPLIST_FILE = MessageApp/Info.plist;
				INFOPLIST_KEY_UIApplicationSupportsIndirectInputEvents = YES;
				INFOPLIST_KEY_UILaunchStoryboardName = LaunchScreen;
				INFOPLIST_KEY_UISupportedInterfaceOrientations_iPad = "UIInterfaceOrientationPortrait UIInterfaceOrientationPortraitUpsideDown UIInterfaceOrientationLandscapeLeft UIInterfaceOrientationLandscapeRight";
				INFOPLIST_KEY_UISupportedInterfaceOrientations_iPhone = "UIInterfaceOrientationPortrait UIInterfaceOrientationLandscapeLeft UIInterfaceOrientationLandscapeRight";
				LD_RUNPATH_SEARCH_PATHS = (
					"$(inherited)",
					"@executable_path/Frameworks",
				);
				MARKETING_VERSION = 1.0;
				PRODUCT_BUNDLE_IDENTIFIER = kauekaj.MessageApp;
				PRODUCT_NAME = "$(TARGET_NAME)";
				SWIFT_EMIT_LOC_STRINGS = YES;
				SWIFT_VERSION = 5.0;
				TARGETED_DEVICE_FAMILY = "1,2";
			};
			name = Release;
		};
/* End XCBuildConfiguration section */

/* Begin XCConfigurationList section */
		96973E66291590E800BB5AB3 /* Build configuration list for PBXProject "MessageApp" */ = {
			isa = XCConfigurationList;
			buildConfigurations = (
				96973E7D291590E900BB5AB3 /* Debug */,
				96973E7E291590E900BB5AB3 /* Release */,
			);
			defaultConfigurationIsVisible = 0;
			defaultConfigurationName = Release;
		};
		96973E7F291590E900BB5AB3 /* Build configuration list for PBXNativeTarget "MessageApp" */ = {
			isa = XCConfigurationList;
			buildConfigurations = (
				96973E80291590E900BB5AB3 /* Debug */,
				96973E81291590E900BB5AB3 /* Release */,
			);
			defaultConfigurationIsVisible = 0;
			defaultConfigurationName = Release;
		};
/* End XCConfigurationList section */
	};
	rootObject = 96973E63291590E800BB5AB3 /* Project object */;
}
