// !$*UTF8*$!
{
	archiveVersion = 1;
	classes = {
	};
	objectVersion = 55;
	objects = {

/* Begin PBXBuildFile section */
		962FDA4E294A51B4008D8D98 /* GoogleService-Info.plist in Resources */ = {isa = PBXBuildFile; fileRef = 962FDA4D294A51B4008D8D98 /* GoogleService-Info.plist */; };
		9696DF58294B5B09004C541C /* HomeViewController.swift in Sources */ = {isa = PBXBuildFile; fileRef = 9696DF57294B5B09004C541C /* HomeViewController.swift */; };
		9696DF5B294B5B77004C541C /* HomeScreen.swift in Sources */ = {isa = PBXBuildFile; fileRef = 9696DF5A294B5B77004C541C /* HomeScreen.swift */; };
		9696DF5E294B5C12004C541C /* NavigationView.swift in Sources */ = {isa = PBXBuildFile; fileRef = 9696DF5D294B5C12004C541C /* NavigationView.swift */; };
		9697F726294A41BE007E7E0B /* AppDelegate.swift in Sources */ = {isa = PBXBuildFile; fileRef = 9697F725294A41BE007E7E0B /* AppDelegate.swift */; };
		9697F728294A41BE007E7E0B /* SceneDelegate.swift in Sources */ = {isa = PBXBuildFile; fileRef = 9697F727294A41BE007E7E0B /* SceneDelegate.swift */; };
		9697F72F294A41BE007E7E0B /* Assets.xcassets in Resources */ = {isa = PBXBuildFile; fileRef = 9697F72E294A41BE007E7E0B /* Assets.xcassets */; };
		9697F732294A41BE007E7E0B /* LaunchScreen.storyboard in Resources */ = {isa = PBXBuildFile; fileRef = 9697F730294A41BE007E7E0B /* LaunchScreen.storyboard */; };
		9697F743294A42A8007E7E0B /* LoginViewController.swift in Sources */ = {isa = PBXBuildFile; fileRef = 9697F73B294A42A8007E7E0B /* LoginViewController.swift */; };
		9697F744294A42A8007E7E0B /* LoginScreen.swift in Sources */ = {isa = PBXBuildFile; fileRef = 9697F73D294A42A8007E7E0B /* LoginScreen.swift */; };
		9697F745294A42A8007E7E0B /* RegisterViewController.swift in Sources */ = {isa = PBXBuildFile; fileRef = 9697F740294A42A8007E7E0B /* RegisterViewController.swift */; };
		9697F746294A42A8007E7E0B /* RegisterScreen.swift in Sources */ = {isa = PBXBuildFile; fileRef = 9697F742294A42A8007E7E0B /* RegisterScreen.swift */; };
		9697F74A294A436F007E7E0B /* Alert.swift in Sources */ = {isa = PBXBuildFile; fileRef = 9697F749294A436F007E7E0B /* Alert.swift */; };
		969A0CFE294C749B009D262D /* LastMessageCollectionViewCell.swift in Sources */ = {isa = PBXBuildFile; fileRef = 969A0CFD294C749B009D262D /* LastMessageCollectionViewCell.swift */; };
		969A0D00294C77D9009D262D /* MessageDetailCollectionViewCell.swift in Sources */ = {isa = PBXBuildFile; fileRef = 969A0CFF294C77D9009D262D /* MessageDetailCollectionViewCell.swift */; };
		969A0D03294C7D1E009D262D /* ContactController.swift in Sources */ = {isa = PBXBuildFile; fileRef = 969A0D02294C7D1E009D262D /* ContactController.swift */; };
		969E7E84294BC953009A497E /* MessageAllModel.swift in Sources */ = {isa = PBXBuildFile; fileRef = 969E7E83294BC953009A497E /* MessageAllModel.swift */; };
		96C900BA294A741200491495 /* UIView+Extension.swift in Sources */ = {isa = PBXBuildFile; fileRef = 96C900B9294A741200491495 /* UIView+Extension.swift */; };
		96C900BE294A752600491495 /* CustomColor.swift in Sources */ = {isa = PBXBuildFile; fileRef = 96C900BD294A752600491495 /* CustomColor.swift */; };
		96C900C0294A75CB00491495 /* CustomFont.swift in Sources */ = {isa = PBXBuildFile; fileRef = 96C900BF294A75CB00491495 /* CustomFont.swift */; };
		96C900C3294A76EF00491495 /* Poppins-Bold.ttf in Resources */ = {isa = PBXBuildFile; fileRef = 96C900C2294A76EF00491495 /* Poppins-Bold.ttf */; };
		96C900C5294A76FB00491495 /* Poppins-SemiBold.ttf in Resources */ = {isa = PBXBuildFile; fileRef = 96C900C4294A76FB00491495 /* Poppins-SemiBold.ttf */; };
		96C900C7294A771300491495 /* Poppins-Regular.ttf in Resources */ = {isa = PBXBuildFile; fileRef = 96C900C6294A771300491495 /* Poppins-Regular.ttf */; };
		96C900C9294A77BD00491495 /* UIButton+Extension.swift in Sources */ = {isa = PBXBuildFile; fileRef = 96C900C8294A77BD00491495 /* UIButton+Extension.swift */; };
		96C900CB294A791A00491495 /* String+Extension.swift in Sources */ = {isa = PBXBuildFile; fileRef = 96C900CA294A791A00491495 /* String+Extension.swift */; };
		96C900CE294A7AD800491495 /* send.wav in Resources */ = {isa = PBXBuildFile; fileRef = 96C900CD294A7AD800491495 /* send.wav */; };
		F56FB73E1B69870B27C65454 /* Pods_WhatsMessageBF.framework in Frameworks */ = {isa = PBXBuildFile; fileRef = FE4985C9232E7BCC308084BE /* Pods_WhatsMessageBF.framework */; };
/* End PBXBuildFile section */

/* Begin PBXFileReference section */
		09C7756C0F41E633B70C024D /* Pods-WhatsMessageBF.debug.xcconfig */ = {isa = PBXFileReference; includeInIndex = 1; lastKnownFileType = text.xcconfig; name = "Pods-WhatsMessageBF.debug.xcconfig"; path = "Target Support Files/Pods-WhatsMessageBF/Pods-WhatsMessageBF.debug.xcconfig"; sourceTree = "<group>"; };
		4476D484DE1667976AED9FE5 /* Pods-WhatsMessageBF.release.xcconfig */ = {isa = PBXFileReference; includeInIndex = 1; lastKnownFileType = text.xcconfig; name = "Pods-WhatsMessageBF.release.xcconfig"; path = "Target Support Files/Pods-WhatsMessageBF/Pods-WhatsMessageBF.release.xcconfig"; sourceTree = "<group>"; };
		962FDA4D294A51B4008D8D98 /* GoogleService-Info.plist */ = {isa = PBXFileReference; fileEncoding = 4; lastKnownFileType = text.plist.xml; path = "GoogleService-Info.plist"; sourceTree = "<group>"; };
		9696DF57294B5B09004C541C /* HomeViewController.swift */ = {isa = PBXFileReference; lastKnownFileType = sourcecode.swift; path = HomeViewController.swift; sourceTree = "<group>"; };
		9696DF5A294B5B77004C541C /* HomeScreen.swift */ = {isa = PBXFileReference; lastKnownFileType = sourcecode.swift; path = HomeScreen.swift; sourceTree = "<group>"; };
		9696DF5D294B5C12004C541C /* NavigationView.swift */ = {isa = PBXFileReference; lastKnownFileType = sourcecode.swift; path = NavigationView.swift; sourceTree = "<group>"; };
		9697F722294A41BE007E7E0B /* WhatsMessageBF.app */ = {isa = PBXFileReference; explicitFileType = wrapper.application; includeInIndex = 0; path = WhatsMessageBF.app; sourceTree = BUILT_PRODUCTS_DIR; };
		9697F725294A41BE007E7E0B /* AppDelegate.swift */ = {isa = PBXFileReference; lastKnownFileType = sourcecode.swift; path = AppDelegate.swift; sourceTree = "<group>"; };
		9697F727294A41BE007E7E0B /* SceneDelegate.swift */ = {isa = PBXFileReference; lastKnownFileType = sourcecode.swift; path = SceneDelegate.swift; sourceTree = "<group>"; };
		9697F72E294A41BE007E7E0B /* Assets.xcassets */ = {isa = PBXFileReference; lastKnownFileType = folder.assetcatalog; path = Assets.xcassets; sourceTree = "<group>"; };
		9697F731294A41BE007E7E0B /* Base */ = {isa = PBXFileReference; lastKnownFileType = file.storyboard; name = Base; path = Base.lproj/LaunchScreen.storyboard; sourceTree = "<group>"; };
		9697F733294A41BE007E7E0B /* Info.plist */ = {isa = PBXFileReference; lastKnownFileType = text.plist.xml; path = Info.plist; sourceTree = "<group>"; };
		9697F73B294A42A8007E7E0B /* LoginViewController.swift */ = {isa = PBXFileReference; fileEncoding = 4; lastKnownFileType = sourcecode.swift; path = LoginViewController.swift; sourceTree = "<group>"; };
		9697F73D294A42A8007E7E0B /* LoginScreen.swift */ = {isa = PBXFileReference; fileEncoding = 4; lastKnownFileType = sourcecode.swift; path = LoginScreen.swift; sourceTree = "<group>"; };
		9697F740294A42A8007E7E0B /* RegisterViewController.swift */ = {isa = PBXFileReference; fileEncoding = 4; lastKnownFileType = sourcecode.swift; path = RegisterViewController.swift; sourceTree = "<group>"; };
		9697F742294A42A8007E7E0B /* RegisterScreen.swift */ = {isa = PBXFileReference; fileEncoding = 4; lastKnownFileType = sourcecode.swift; path = RegisterScreen.swift; sourceTree = "<group>"; };
		9697F749294A436F007E7E0B /* Alert.swift */ = {isa = PBXFileReference; fileEncoding = 4; lastKnownFileType = sourcecode.swift; path = Alert.swift; sourceTree = "<group>"; };
		969A0CFD294C749B009D262D /* LastMessageCollectionViewCell.swift */ = {isa = PBXFileReference; lastKnownFileType = sourcecode.swift; path = LastMessageCollectionViewCell.swift; sourceTree = "<group>"; };
		969A0CFF294C77D9009D262D /* MessageDetailCollectionViewCell.swift */ = {isa = PBXFileReference; lastKnownFileType = sourcecode.swift; path = MessageDetailCollectionViewCell.swift; sourceTree = "<group>"; };
		969A0D02294C7D1E009D262D /* ContactController.swift */ = {isa = PBXFileReference; lastKnownFileType = sourcecode.swift; path = ContactController.swift; sourceTree = "<group>"; };
		969E7E83294BC953009A497E /* MessageAllModel.swift */ = {isa = PBXFileReference; lastKnownFileType = sourcecode.swift; path = MessageAllModel.swift; sourceTree = "<group>"; };
		96C900B9294A741200491495 /* UIView+Extension.swift */ = {isa = PBXFileReference; lastKnownFileType = sourcecode.swift; path = "UIView+Extension.swift"; sourceTree = "<group>"; };
		96C900BD294A752600491495 /* CustomColor.swift */ = {isa = PBXFileReference; lastKnownFileType = sourcecode.swift; path = CustomColor.swift; sourceTree = "<group>"; };
		96C900BF294A75CB00491495 /* CustomFont.swift */ = {isa = PBXFileReference; lastKnownFileType = sourcecode.swift; path = CustomFont.swift; sourceTree = "<group>"; };
		96C900C2294A76EF00491495 /* Poppins-Bold.ttf */ = {isa = PBXFileReference; lastKnownFileType = file; path = "Poppins-Bold.ttf"; sourceTree = "<group>"; };
		96C900C4294A76FB00491495 /* Poppins-SemiBold.ttf */ = {isa = PBXFileReference; lastKnownFileType = file; path = "Poppins-SemiBold.ttf"; sourceTree = "<group>"; };
		96C900C6294A771300491495 /* Poppins-Regular.ttf */ = {isa = PBXFileReference; lastKnownFileType = file; path = "Poppins-Regular.ttf"; sourceTree = "<group>"; };
		96C900C8294A77BD00491495 /* UIButton+Extension.swift */ = {isa = PBXFileReference; lastKnownFileType = sourcecode.swift; path = "UIButton+Extension.swift"; sourceTree = "<group>"; };
		96C900CA294A791A00491495 /* String+Extension.swift */ = {isa = PBXFileReference; lastKnownFileType = sourcecode.swift; path = "String+Extension.swift"; sourceTree = "<group>"; };
		96C900CD294A7AD800491495 /* send.wav */ = {isa = PBXFileReference; lastKnownFileType = audio.wav; path = send.wav; sourceTree = "<group>"; };
		FE4985C9232E7BCC308084BE /* Pods_WhatsMessageBF.framework */ = {isa = PBXFileReference; explicitFileType = wrapper.framework; includeInIndex = 0; path = Pods_WhatsMessageBF.framework; sourceTree = BUILT_PRODUCTS_DIR; };
/* End PBXFileReference section */

/* Begin PBXFrameworksBuildPhase section */
		9697F71F294A41BE007E7E0B /* Frameworks */ = {
			isa = PBXFrameworksBuildPhase;
			buildActionMask = 2147483647;
			files = (
				F56FB73E1B69870B27C65454 /* Pods_WhatsMessageBF.framework in Frameworks */,
			);
			runOnlyForDeploymentPostprocessing = 0;
		};
/* End PBXFrameworksBuildPhase section */

/* Begin PBXGroup section */
		32C810C1696F6A642E0C774E /* Frameworks */ = {
			isa = PBXGroup;
			children = (
				FE4985C9232E7BCC308084BE /* Pods_WhatsMessageBF.framework */,
			);
			name = Frameworks;
			sourceTree = "<group>";
		};
		962FDA4F294A570C008D8D98 /* Resources */ = {
			isa = PBXGroup;
			children = (
				9697F72E294A41BE007E7E0B /* Assets.xcassets */,
			);
			path = Resources;
			sourceTree = "<group>";
		};
		962FDA50294A573F008D8D98 /* Utils */ = {
			isa = PBXGroup;
			children = (
				96C900B9294A741200491495 /* UIView+Extension.swift */,
				96C900BD294A752600491495 /* CustomColor.swift */,
				96C900BF294A75CB00491495 /* CustomFont.swift */,
				96C900C8294A77BD00491495 /* UIButton+Extension.swift */,
				96C900CA294A791A00491495 /* String+Extension.swift */,
			);
			path = Utils;
			sourceTree = "<group>";
		};
		9696DF56294B5ADE004C541C /* Home */ = {
			isa = PBXGroup;
			children = (
				969A0D01294C7D02009D262D /* Controller */,
				969A0CFC294C7476009D262D /* Cell */,
				9696DF5C294B5BF0004C541C /* NavigationView */,
				9696DF59294B5B5C004C541C /* Screen */,
				9696DF57294B5B09004C541C /* HomeViewController.swift */,
			);
			path = Home;
			sourceTree = "<group>";
		};
		9696DF59294B5B5C004C541C /* Screen */ = {
			isa = PBXGroup;
			children = (
				9696DF5A294B5B77004C541C /* HomeScreen.swift */,
			);
			path = Screen;
			sourceTree = "<group>";
		};
		9696DF5C294B5BF0004C541C /* NavigationView */ = {
			isa = PBXGroup;
			children = (
				9696DF5D294B5C12004C541C /* NavigationView.swift */,
			);
			path = NavigationView;
			sourceTree = "<group>";
		};
		9697F719294A41BE007E7E0B = {
			isa = PBXGroup;
			children = (
				9697F724294A41BE007E7E0B /* WhatsMessageBF */,
				9697F723294A41BE007E7E0B /* Products */,
				B966F8793843B9023716BB67 /* Pods */,
				32C810C1696F6A642E0C774E /* Frameworks */,
			);
			sourceTree = "<group>";
		};
		9697F723294A41BE007E7E0B /* Products */ = {
			isa = PBXGroup;
			children = (
				9697F722294A41BE007E7E0B /* WhatsMessageBF.app */,
			);
			name = Products;
			sourceTree = "<group>";
		};
		9697F724294A41BE007E7E0B /* WhatsMessageBF */ = {
			isa = PBXGroup;
			children = (
				969E7E82294BC940009A497E /* Model */,
				96C900CC294A7AC500491495 /* Sound */,
				962FDA50294A573F008D8D98 /* Utils */,
				9697F748294A436F007E7E0B /* Alert */,
				9696DF56294B5ADE004C541C /* Home */,
				9697F739294A42A8007E7E0B /* Login */,
				9697F73E294A42A8007E7E0B /* Register */,
				96C900C1294A76D500491495 /* Fonts */,
				962FDA4F294A570C008D8D98 /* Resources */,
				9697F747294A42E0007E7E0B /* Delegate */,
				9697F730294A41BE007E7E0B /* LaunchScreen.storyboard */,
				962FDA4D294A51B4008D8D98 /* GoogleService-Info.plist */,
				9697F733294A41BE007E7E0B /* Info.plist */,
			);
			path = WhatsMessageBF;
			sourceTree = "<group>";
		};
		9697F739294A42A8007E7E0B /* Login */ = {
			isa = PBXGroup;
			children = (
				9697F73A294A42A8007E7E0B /* VC */,
				9697F73C294A42A8007E7E0B /* Screen */,
			);
			path = Login;
			sourceTree = "<group>";
		};
		9697F73A294A42A8007E7E0B /* VC */ = {
			isa = PBXGroup;
			children = (
				9697F73B294A42A8007E7E0B /* LoginViewController.swift */,
			);
			path = VC;
			sourceTree = "<group>";
		};
		9697F73C294A42A8007E7E0B /* Screen */ = {
			isa = PBXGroup;
			children = (
				9697F73D294A42A8007E7E0B /* LoginScreen.swift */,
			);
			path = Screen;
			sourceTree = "<group>";
		};
		9697F73E294A42A8007E7E0B /* Register */ = {
			isa = PBXGroup;
			children = (
				9697F73F294A42A8007E7E0B /* VC */,
				9697F741294A42A8007E7E0B /* Screen */,
			);
			path = Register;
			sourceTree = "<group>";
		};
		9697F73F294A42A8007E7E0B /* VC */ = {
			isa = PBXGroup;
			children = (
				9697F740294A42A8007E7E0B /* RegisterViewController.swift */,
			);
			path = VC;
			sourceTree = "<group>";
		};
		9697F741294A42A8007E7E0B /* Screen */ = {
			isa = PBXGroup;
			children = (
				9697F742294A42A8007E7E0B /* RegisterScreen.swift */,
			);
			path = Screen;
			sourceTree = "<group>";
		};
		9697F747294A42E0007E7E0B /* Delegate */ = {
			isa = PBXGroup;
			children = (
				9697F725294A41BE007E7E0B /* AppDelegate.swift */,
				9697F727294A41BE007E7E0B /* SceneDelegate.swift */,
			);
			path = Delegate;
			sourceTree = "<group>";
		};
		9697F748294A436F007E7E0B /* Alert */ = {
			isa = PBXGroup;
			children = (
				9697F749294A436F007E7E0B /* Alert.swift */,
			);
			path = Alert;
			sourceTree = "<group>";
		};
		969A0CFC294C7476009D262D /* Cell */ = {
			isa = PBXGroup;
			children = (
				969A0CFD294C749B009D262D /* LastMessageCollectionViewCell.swift */,
				969A0CFF294C77D9009D262D /* MessageDetailCollectionViewCell.swift */,
			);
			path = Cell;
			sourceTree = "<group>";
		};
		969A0D01294C7D02009D262D /* Controller */ = {
			isa = PBXGroup;
			children = (
				969A0D02294C7D1E009D262D /* ContactController.swift */,
			);
			path = Controller;
			sourceTree = "<group>";
		};
		969E7E82294BC940009A497E /* Model */ = {
			isa = PBXGroup;
			children = (
				969E7E83294BC953009A497E /* MessageAllModel.swift */,
			);
			path = Model;
			sourceTree = "<group>";
		};
		96C900C1294A76D500491495 /* Fonts */ = {
			isa = PBXGroup;
			children = (
				96C900C2294A76EF00491495 /* Poppins-Bold.ttf */,
				96C900C4294A76FB00491495 /* Poppins-SemiBold.ttf */,
				96C900C6294A771300491495 /* Poppins-Regular.ttf */,
			);
			path = Fonts;
			sourceTree = "<group>";
		};
		96C900CC294A7AC500491495 /* Sound */ = {
			isa = PBXGroup;
			children = (
				96C900CD294A7AD800491495 /* send.wav */,
			);
			path = Sound;
			sourceTree = "<group>";
		};
		B966F8793843B9023716BB67 /* Pods */ = {
			isa = PBXGroup;
			children = (
				09C7756C0F41E633B70C024D /* Pods-WhatsMessageBF.debug.xcconfig */,
				4476D484DE1667976AED9FE5 /* Pods-WhatsMessageBF.release.xcconfig */,
			);
			path = Pods;
			sourceTree = "<group>";
		};
/* End PBXGroup section */

/* Begin PBXNativeTarget section */
		9697F721294A41BE007E7E0B /* WhatsMessageBF */ = {
			isa = PBXNativeTarget;
			buildConfigurationList = 9697F736294A41BE007E7E0B /* Build configuration list for PBXNativeTarget "WhatsMessageBF" */;
			buildPhases = (
				805F246478482C12093FB748 /* [CP] Check Pods Manifest.lock */,
				9697F71E294A41BE007E7E0B /* Sources */,
				9697F71F294A41BE007E7E0B /* Frameworks */,
				9697F720294A41BE007E7E0B /* Resources */,
				C7AEBB8CF62FF9DF2BAAB858 /* [CP] Embed Pods Frameworks */,
			);
			buildRules = (
			);
			dependencies = (
			);
			name = WhatsMessageBF;
			productName = WhatsMessageBF;
			productReference = 9697F722294A41BE007E7E0B /* WhatsMessageBF.app */;
			productType = "com.apple.product-type.application";
		};
/* End PBXNativeTarget section */

/* Begin PBXProject section */
		9697F71A294A41BE007E7E0B /* Project object */ = {
			isa = PBXProject;
			attributes = {
				BuildIndependentTargetsInParallel = 1;
				LastSwiftUpdateCheck = 1340;
				LastUpgradeCheck = 1340;
				TargetAttributes = {
					9697F721294A41BE007E7E0B = {
						CreatedOnToolsVersion = 13.4.1;
					};
				};
			};
			buildConfigurationList = 9697F71D294A41BE007E7E0B /* Build configuration list for PBXProject "WhatsMessageBF" */;
			compatibilityVersion = "Xcode 13.0";
			developmentRegion = en;
			hasScannedForEncodings = 0;
			knownRegions = (
				en,
				Base,
			);
			mainGroup = 9697F719294A41BE007E7E0B;
			productRefGroup = 9697F723294A41BE007E7E0B /* Products */;
			projectDirPath = "";
			projectRoot = "";
			targets = (
				9697F721294A41BE007E7E0B /* WhatsMessageBF */,
			);
		};
/* End PBXProject section */

/* Begin PBXResourcesBuildPhase section */
		9697F720294A41BE007E7E0B /* Resources */ = {
			isa = PBXResourcesBuildPhase;
			buildActionMask = 2147483647;
			files = (
				96C900C5294A76FB00491495 /* Poppins-SemiBold.ttf in Resources */,
				9697F732294A41BE007E7E0B /* LaunchScreen.storyboard in Resources */,
				9697F72F294A41BE007E7E0B /* Assets.xcassets in Resources */,
				96C900C7294A771300491495 /* Poppins-Regular.ttf in Resources */,
				962FDA4E294A51B4008D8D98 /* GoogleService-Info.plist in Resources */,
				96C900CE294A7AD800491495 /* send.wav in Resources */,
				96C900C3294A76EF00491495 /* Poppins-Bold.ttf in Resources */,
			);
			runOnlyForDeploymentPostprocessing = 0;
		};
/* End PBXResourcesBuildPhase section */

/* Begin PBXShellScriptBuildPhase section */
		805F246478482C12093FB748 /* [CP] Check Pods Manifest.lock */ = {
			isa = PBXShellScriptBuildPhase;
			buildActionMask = 2147483647;
			files = (
			);
			inputFileListPaths = (
			);
			inputPaths = (
				"${PODS_PODFILE_DIR_PATH}/Podfile.lock",
				"${PODS_ROOT}/Manifest.lock",
			);
			name = "[CP] Check Pods Manifest.lock";
			outputFileListPaths = (
			);
			outputPaths = (
				"$(DERIVED_FILE_DIR)/Pods-WhatsMessageBF-checkManifestLockResult.txt",
			);
			runOnlyForDeploymentPostprocessing = 0;
			shellPath = /bin/sh;
			shellScript = "diff \"${PODS_PODFILE_DIR_PATH}/Podfile.lock\" \"${PODS_ROOT}/Manifest.lock\" > /dev/null\nif [ $? != 0 ] ; then\n    # print error to STDERR\n    echo \"error: The sandbox is not in sync with the Podfile.lock. Run 'pod install' or update your CocoaPods installation.\" >&2\n    exit 1\nfi\n# This output is used by Xcode 'outputs' to avoid re-running this script phase.\necho \"SUCCESS\" > \"${SCRIPT_OUTPUT_FILE_0}\"\n";
			showEnvVarsInLog = 0;
		};
		C7AEBB8CF62FF9DF2BAAB858 /* [CP] Embed Pods Frameworks */ = {
			isa = PBXShellScriptBuildPhase;
			buildActionMask = 2147483647;
			files = (
			);
			inputFileListPaths = (
				"${PODS_ROOT}/Target Support Files/Pods-WhatsMessageBF/Pods-WhatsMessageBF-frameworks-${CONFIGURATION}-input-files.xcfilelist",
			);
			name = "[CP] Embed Pods Frameworks";
			outputFileListPaths = (
				"${PODS_ROOT}/Target Support Files/Pods-WhatsMessageBF/Pods-WhatsMessageBF-frameworks-${CONFIGURATION}-output-files.xcfilelist",
			);
			runOnlyForDeploymentPostprocessing = 0;
			shellPath = /bin/sh;
			shellScript = "\"${PODS_ROOT}/Target Support Files/Pods-WhatsMessageBF/Pods-WhatsMessageBF-frameworks.sh\"\n";
			showEnvVarsInLog = 0;
		};
/* End PBXShellScriptBuildPhase section */

/* Begin PBXSourcesBuildPhase section */
		9697F71E294A41BE007E7E0B /* Sources */ = {
			isa = PBXSourcesBuildPhase;
			buildActionMask = 2147483647;
			files = (
				9697F743294A42A8007E7E0B /* LoginViewController.swift in Sources */,
				9697F726294A41BE007E7E0B /* AppDelegate.swift in Sources */,
				9696DF5B294B5B77004C541C /* HomeScreen.swift in Sources */,
				96C900BE294A752600491495 /* CustomColor.swift in Sources */,
				96C900C9294A77BD00491495 /* UIButton+Extension.swift in Sources */,
				969A0D00294C77D9009D262D /* MessageDetailCollectionViewCell.swift in Sources */,
				969A0CFE294C749B009D262D /* LastMessageCollectionViewCell.swift in Sources */,
				969A0D03294C7D1E009D262D /* ContactController.swift in Sources */,
				96C900CB294A791A00491495 /* String+Extension.swift in Sources */,
				96C900BA294A741200491495 /* UIView+Extension.swift in Sources */,
				9696DF5E294B5C12004C541C /* NavigationView.swift in Sources */,
				9697F746294A42A8007E7E0B /* RegisterScreen.swift in Sources */,
				96C900C0294A75CB00491495 /* CustomFont.swift in Sources */,
				9697F745294A42A8007E7E0B /* RegisterViewController.swift in Sources */,
				9697F728294A41BE007E7E0B /* SceneDelegate.swift in Sources */,
				9697F744294A42A8007E7E0B /* LoginScreen.swift in Sources */,
				9696DF58294B5B09004C541C /* HomeViewController.swift in Sources */,
				9697F74A294A436F007E7E0B /* Alert.swift in Sources */,
				969E7E84294BC953009A497E /* MessageAllModel.swift in Sources */,
			);
			runOnlyForDeploymentPostprocessing = 0;
		};
/* End PBXSourcesBuildPhase section */

/* Begin PBXVariantGroup section */
		9697F730294A41BE007E7E0B /* LaunchScreen.storyboard */ = {
			isa = PBXVariantGroup;
			children = (
				9697F731294A41BE007E7E0B /* Base */,
			);
			name = LaunchScreen.storyboard;
			sourceTree = "<group>";
		};
/* End PBXVariantGroup section */

/* Begin XCBuildConfiguration section */
		9697F734294A41BE007E7E0B /* Debug */ = {
			isa = XCBuildConfiguration;
			buildSettings = {
				ALWAYS_SEARCH_USER_PATHS = NO;
				CLANG_ANALYZER_NONNULL = YES;
				CLANG_ANALYZER_NUMBER_OBJECT_CONVERSION = YES_AGGRESSIVE;
				CLANG_CXX_LANGUAGE_STANDARD = "gnu++17";
				CLANG_ENABLE_MODULES = YES;
				CLANG_ENABLE_OBJC_ARC = YES;
				CLANG_ENABLE_OBJC_WEAK = YES;
				CLANG_WARN_BLOCK_CAPTURE_AUTORELEASING = YES;
				CLANG_WARN_BOOL_CONVERSION = YES;
				CLANG_WARN_COMMA = YES;
				CLANG_WARN_CONSTANT_CONVERSION = YES;
				CLANG_WARN_DEPRECATED_OBJC_IMPLEMENTATIONS = YES;
				CLANG_WARN_DIRECT_OBJC_ISA_USAGE = YES_ERROR;
				CLANG_WARN_DOCUMENTATION_COMMENTS = YES;
				CLANG_WARN_EMPTY_BODY = YES;
				CLANG_WARN_ENUM_CONVERSION = YES;
				CLANG_WARN_INFINITE_RECURSION = YES;
				CLANG_WARN_INT_CONVERSION = YES;
				CLANG_WARN_NON_LITERAL_NULL_CONVERSION = YES;
				CLANG_WARN_OBJC_IMPLICIT_RETAIN_SELF = YES;
				CLANG_WARN_OBJC_LITERAL_CONVERSION = YES;
				CLANG_WARN_OBJC_ROOT_CLASS = YES_ERROR;
				CLANG_WARN_QUOTED_INCLUDE_IN_FRAMEWORK_HEADER = YES;
				CLANG_WARN_RANGE_LOOP_ANALYSIS = YES;
				CLANG_WARN_STRICT_PROTOTYPES = YES;
				CLANG_WARN_SUSPICIOUS_MOVE = YES;
				CLANG_WARN_UNGUARDED_AVAILABILITY = YES_AGGRESSIVE;
				CLANG_WARN_UNREACHABLE_CODE = YES;
				CLANG_WARN__DUPLICATE_METHOD_MATCH = YES;
				COPY_PHASE_STRIP = NO;
				DEBUG_INFORMATION_FORMAT = dwarf;
				ENABLE_STRICT_OBJC_MSGSEND = YES;
				ENABLE_TESTABILITY = YES;
				GCC_C_LANGUAGE_STANDARD = gnu11;
				GCC_DYNAMIC_NO_PIC = NO;
				GCC_NO_COMMON_BLOCKS = YES;
				GCC_OPTIMIZATION_LEVEL = 0;
				GCC_PREPROCESSOR_DEFINITIONS = (
					"DEBUG=1",
					"$(inherited)",
				);
				GCC_WARN_64_TO_32_BIT_CONVERSION = YES;
				GCC_WARN_ABOUT_RETURN_TYPE = YES_ERROR;
				GCC_WARN_UNDECLARED_SELECTOR = YES;
				GCC_WARN_UNINITIALIZED_AUTOS = YES_AGGRESSIVE;
				GCC_WARN_UNUSED_FUNCTION = YES;
				GCC_WARN_UNUSED_VARIABLE = YES;
				IPHONEOS_DEPLOYMENT_TARGET = 15.5;
				MTL_ENABLE_DEBUG_INFO = INCLUDE_SOURCE;
				MTL_FAST_MATH = YES;
				ONLY_ACTIVE_ARCH = YES;
				SDKROOT = iphoneos;
				SWIFT_ACTIVE_COMPILATION_CONDITIONS = DEBUG;
				SWIFT_OPTIMIZATION_LEVEL = "-Onone";
			};
			name = Debug;
		};
		9697F735294A41BE007E7E0B /* Release */ = {
			isa = XCBuildConfiguration;
			buildSettings = {
				ALWAYS_SEARCH_USER_PATHS = NO;
				CLANG_ANALYZER_NONNULL = YES;
				CLANG_ANALYZER_NUMBER_OBJECT_CONVERSION = YES_AGGRESSIVE;
				CLANG_CXX_LANGUAGE_STANDARD = "gnu++17";
				CLANG_ENABLE_MODULES = YES;
				CLANG_ENABLE_OBJC_ARC = YES;
				CLANG_ENABLE_OBJC_WEAK = YES;
				CLANG_WARN_BLOCK_CAPTURE_AUTORELEASING = YES;
				CLANG_WARN_BOOL_CONVERSION = YES;
				CLANG_WARN_COMMA = YES;
				CLANG_WARN_CONSTANT_CONVERSION = YES;
				CLANG_WARN_DEPRECATED_OBJC_IMPLEMENTATIONS = YES;
				CLANG_WARN_DIRECT_OBJC_ISA_USAGE = YES_ERROR;
				CLANG_WARN_DOCUMENTATION_COMMENTS = YES;
				CLANG_WARN_EMPTY_BODY = YES;
				CLANG_WARN_ENUM_CONVERSION = YES;
				CLANG_WARN_INFINITE_RECURSION = YES;
				CLANG_WARN_INT_CONVERSION = YES;
				CLANG_WARN_NON_LITERAL_NULL_CONVERSION = YES;
				CLANG_WARN_OBJC_IMPLICIT_RETAIN_SELF = YES;
				CLANG_WARN_OBJC_LITERAL_CONVERSION = YES;
				CLANG_WARN_OBJC_ROOT_CLASS = YES_ERROR;
				CLANG_WARN_QUOTED_INCLUDE_IN_FRAMEWORK_HEADER = YES;
				CLANG_WARN_RANGE_LOOP_ANALYSIS = YES;
				CLANG_WARN_STRICT_PROTOTYPES = YES;
				CLANG_WARN_SUSPICIOUS_MOVE = YES;
				CLANG_WARN_UNGUARDED_AVAILABILITY = YES_AGGRESSIVE;
				CLANG_WARN_UNREACHABLE_CODE = YES;
				CLANG_WARN__DUPLICATE_METHOD_MATCH = YES;
				COPY_PHASE_STRIP = NO;
				DEBUG_INFORMATION_FORMAT = "dwarf-with-dsym";
				ENABLE_NS_ASSERTIONS = NO;
				ENABLE_STRICT_OBJC_MSGSEND = YES;
				GCC_C_LANGUAGE_STANDARD = gnu11;
				GCC_NO_COMMON_BLOCKS = YES;
				GCC_WARN_64_TO_32_BIT_CONVERSION = YES;
				GCC_WARN_ABOUT_RETURN_TYPE = YES_ERROR;
				GCC_WARN_UNDECLARED_SELECTOR = YES;
				GCC_WARN_UNINITIALIZED_AUTOS = YES_AGGRESSIVE;
				GCC_WARN_UNUSED_FUNCTION = YES;
				GCC_WARN_UNUSED_VARIABLE = YES;
				IPHONEOS_DEPLOYMENT_TARGET = 15.5;
				MTL_ENABLE_DEBUG_INFO = NO;
				MTL_FAST_MATH = YES;
				SDKROOT = iphoneos;
				SWIFT_COMPILATION_MODE = wholemodule;
				SWIFT_OPTIMIZATION_LEVEL = "-O";
				VALIDATE_PRODUCT = YES;
			};
			name = Release;
		};
		9697F737294A41BE007E7E0B /* Debug */ = {
			isa = XCBuildConfiguration;
			baseConfigurationReference = 09C7756C0F41E633B70C024D /* Pods-WhatsMessageBF.debug.xcconfig */;
			buildSettings = {
				ASSETCATALOG_COMPILER_APPICON_NAME = AppIcon;
				ASSETCATALOG_COMPILER_GLOBAL_ACCENT_COLOR_NAME = AccentColor;
				CODE_SIGN_STYLE = Automatic;
				CURRENT_PROJECT_VERSION = 1;
				DEVELOPMENT_TEAM = N7W6HJZX49;
				GENERATE_INFOPLIST_FILE = YES;
				INFOPLIST_FILE = WhatsMessageBF/Info.plist;
				INFOPLIST_KEY_UIApplicationSupportsIndirectInputEvents = YES;
				INFOPLIST_KEY_UILaunchStoryboardName = LaunchScreen;
				INFOPLIST_KEY_UISupportedInterfaceOrientations_iPad = "UIInterfaceOrientationPortrait UIInterfaceOrientationPortraitUpsideDown UIInterfaceOrientationLandscapeLeft UIInterfaceOrientationLandscapeRight";
				INFOPLIST_KEY_UISupportedInterfaceOrientations_iPhone = "UIInterfaceOrientationPortrait UIInterfaceOrientationLandscapeLeft UIInterfaceOrientationLandscapeRight";
				LD_RUNPATH_SEARCH_PATHS = (
					"$(inherited)",
					"@executable_path/Frameworks",
				);
				MARKETING_VERSION = 1.0;
				PRODUCT_BUNDLE_IDENTIFIER = "com.kauekaj-whats-message.WhatsMessageBF";
				PRODUCT_NAME = "$(TARGET_NAME)";
				SWIFT_EMIT_LOC_STRINGS = YES;
				SWIFT_VERSION = 5.0;
				TARGETED_DEVICE_FAMILY = 1;
			};
			name = Debug;
		};
		9697F738294A41BE007E7E0B /* Release */ = {
			isa = XCBuildConfiguration;
			baseConfigurationReference = 4476D484DE1667976AED9FE5 /* Pods-WhatsMessageBF.release.xcconfig */;
			buildSettings = {
				ASSETCATALOG_COMPILER_APPICON_NAME = AppIcon;
				ASSETCATALOG_COMPILER_GLOBAL_ACCENT_COLOR_NAME = AccentColor;
				CODE_SIGN_STYLE = Automatic;
				CURRENT_PROJECT_VERSION = 1;
				DEVELOPMENT_TEAM = N7W6HJZX49;
				GENERATE_INFOPLIST_FILE = YES;
				INFOPLIST_FILE = WhatsMessageBF/Info.plist;
				INFOPLIST_KEY_UIApplicationSupportsIndirectInputEvents = YES;
				INFOPLIST_KEY_UILaunchStoryboardName = LaunchScreen;
				INFOPLIST_KEY_UISupportedInterfaceOrientations_iPad = "UIInterfaceOrientationPortrait UIInterfaceOrientationPortraitUpsideDown UIInterfaceOrientationLandscapeLeft UIInterfaceOrientationLandscapeRight";
				INFOPLIST_KEY_UISupportedInterfaceOrientations_iPhone = "UIInterfaceOrientationPortrait UIInterfaceOrientationLandscapeLeft UIInterfaceOrientationLandscapeRight";
				LD_RUNPATH_SEARCH_PATHS = (
					"$(inherited)",
					"@executable_path/Frameworks",
				);
				MARKETING_VERSION = 1.0;
				PRODUCT_BUNDLE_IDENTIFIER = "com.kauekaj-whats-message.WhatsMessageBF";
				PRODUCT_NAME = "$(TARGET_NAME)";
				SWIFT_EMIT_LOC_STRINGS = YES;
				SWIFT_VERSION = 5.0;
				TARGETED_DEVICE_FAMILY = 1;
			};
			name = Release;
		};
/* End XCBuildConfiguration section */

/* Begin XCConfigurationList section */
		9697F71D294A41BE007E7E0B /* Build configuration list for PBXProject "WhatsMessageBF" */ = {
			isa = XCConfigurationList;
			buildConfigurations = (
				9697F734294A41BE007E7E0B /* Debug */,
				9697F735294A41BE007E7E0B /* Release */,
			);
			defaultConfigurationIsVisible = 0;
			defaultConfigurationName = Release;
		};
		9697F736294A41BE007E7E0B /* Build configuration list for PBXNativeTarget "WhatsMessageBF" */ = {
			isa = XCConfigurationList;
			buildConfigurations = (
				9697F737294A41BE007E7E0B /* Debug */,
				9697F738294A41BE007E7E0B /* Release */,
			);
			defaultConfigurationIsVisible = 0;
			defaultConfigurationName = Release;
		};
/* End XCConfigurationList section */
	};
	rootObject = 9697F71A294A41BE007E7E0B /* Project object */;
}
